
Microsoft Visual Studio Solution File, Format Version 12.00
# Visual Studio Version 16
VisualStudioVersion = 16.0.31729.503
MinimumVisualStudioVersion = 10.0.40219.1
Project("{9A19103F-16F7-4668-BE54-9A1E7A4F7556}") = "Ry.IO.ChunkedStream", "Ry.IO.ChunkedStream\Ry.IO.ChunkedStream.csproj", "{46F2062A-8C10-4B1C-BDFD-F834C7217EB2}"
EndProject
Project("{9A19103F-16F7-4668-BE54-9A1E7A4F7556}") = "Ry.IO.ChunkedStream.Tests", "Ry.IO.ChunkedStream.Tests\Ry.IO.ChunkedStream.Tests.csproj", "{9FFA5E10-0363-43C5-AFC3-E73256E1D516}"
EndProject
Global
	GlobalSection(SolutionConfigurationPlatforms) = preSolution
		Debug|Any CPU = Debug|Any CPU
		Release|Any CPU = Release|Any CPU
	EndGlobalSection
	GlobalSection(ProjectConfigurationPlatforms) = postSolution
		{46F2062A-8C10-4B1C-BDFD-F834C7217EB2}.Debug|Any CPU.ActiveCfg = Debug|Any CPU
		{46F2062A-8C10-4B1C-BDFD-F834C7217EB2}.Debug|Any CPU.Build.0 = Debug|Any CPU
		{46F2062A-8C10-4B1C-BDFD-F834C7217EB2}.Release|Any CPU.ActiveCfg = Release|Any CPU
		{46F2062A-8C10-4B1C-BDFD-F834C7217EB2}.Release|Any CPU.Build.0 = Release|Any CPU
		{9FFA5E10-0363-43C5-AFC3-E73256E1D516}.Debug|Any CPU.ActiveCfg = Debug|Any CPU
		{9FFA5E10-0363-43C5-AFC3-E73256E1D516}.Debug|Any CPU.Build.0 = Debug|Any CPU
		{9FFA5E10-0363-43C5-AFC3-E73256E1D516}.Release|Any CPU.ActiveCfg = Release|Any CPU
		{9FFA5E10-0363-43C5-AFC3-E73256E1D516}.Release|Any CPU.Build.0 = Release|Any CPU
	EndGlobalSection
	GlobalSection(SolutionProperties) = preSolution
		HideSolutionNode = FALSE
	EndGlobalSection
	GlobalSection(ExtensibilityGlobals) = postSolution
		SolutionGuid = {ECF92F9D-CA55-4760-BC88-B954F0828E5B}
	EndGlobalSection
EndGlobal
